
Microsoft Visual Studio Solution File, Format Version 12.00
# Visual Studio Version 16
VisualStudioVersion = 16.0.30804.86
MinimumVisualStudioVersion = 10.0.40219.1
Project("{FAE04EC0-301F-11D3-BF4B-00C04F79EFBC}") = "OrionLab.Common", "OrionLab.Common\OrionLab.Common.csproj", "{13BE3804-7C55-47C2-BC2B-112943C4AC70}"
EndProject
Project("{FAE04EC0-301F-11D3-BF4B-00C04F79EFBC}") = "OrionLab.StressStrainCurveApplication", "OrionLab.StressStrainCurveApplication\OrionLab.StressStrainCurveApplication.csproj", "{991AEF1A-58B7-4FED-8B7D-8B3BF1B2F24C}"
EndProject
Project("{FAE04EC0-301F-11D3-BF4B-00C04F79EFBC}") = "AtterbergLimitsApplication", "AtterbergLimitsApplication\AtterbergLimitsApplication.csproj", "{187426B9-E700-4F2D-85AD-EEBACD4D4688}"
EndProject
Project("{FAE04EC0-301F-11D3-BF4B-00C04F79EFBC}") = "TalusApplication", "TalusApplication\TalusApplication.csproj", "{B20DB556-81A5-41E0-9AB3-9F0C8D744428}"
EndProject
Global
	GlobalSection(SolutionConfigurationPlatforms) = preSolution
		Debug|Any CPU = Debug|Any CPU
		Release|Any CPU = Release|Any CPU
	EndGlobalSection
	GlobalSection(ProjectConfigurationPlatforms) = postSolution
		{13BE3804-7C55-47C2-BC2B-112943C4AC70}.Debug|Any CPU.ActiveCfg = Debug|Any CPU
		{13BE3804-7C55-47C2-BC2B-112943C4AC70}.Debug|Any CPU.Build.0 = Debug|Any CPU
		{13BE3804-7C55-47C2-BC2B-112943C4AC70}.Release|Any CPU.ActiveCfg = Release|Any CPU
		{13BE3804-7C55-47C2-BC2B-112943C4AC70}.Release|Any CPU.Build.0 = Release|Any CPU
		{991AEF1A-58B7-4FED-8B7D-8B3BF1B2F24C}.Debug|Any CPU.ActiveCfg = Debug|Any CPU
		{991AEF1A-58B7-4FED-8B7D-8B3BF1B2F24C}.Debug|Any CPU.Build.0 = Debug|Any CPU
		{991AEF1A-58B7-4FED-8B7D-8B3BF1B2F24C}.Release|Any CPU.ActiveCfg = Release|Any CPU
		{991AEF1A-58B7-4FED-8B7D-8B3BF1B2F24C}.Release|Any CPU.Build.0 = Release|Any CPU
		{187426B9-E700-4F2D-85AD-EEBACD4D4688}.Debug|Any CPU.ActiveCfg = Debug|Any CPU
		{187426B9-E700-4F2D-85AD-EEBACD4D4688}.Debug|Any CPU.Build.0 = Debug|Any CPU
		{187426B9-E700-4F2D-85AD-EEBACD4D4688}.Release|Any CPU.ActiveCfg = Release|Any CPU
		{187426B9-E700-4F2D-85AD-EEBACD4D4688}.Release|Any CPU.Build.0 = Release|Any CPU
		{B20DB556-81A5-41E0-9AB3-9F0C8D744428}.Debug|Any CPU.ActiveCfg = Debug|Any CPU
		{B20DB556-81A5-41E0-9AB3-9F0C8D744428}.Debug|Any CPU.Build.0 = Debug|Any CPU
		{B20DB556-81A5-41E0-9AB3-9F0C8D744428}.Release|Any CPU.ActiveCfg = Release|Any CPU
		{B20DB556-81A5-41E0-9AB3-9F0C8D744428}.Release|Any CPU.Build.0 = Release|Any CPU
	EndGlobalSection
	GlobalSection(SolutionProperties) = preSolution
		HideSolutionNode = FALSE
	EndGlobalSection
	GlobalSection(ExtensibilityGlobals) = postSolution
		SolutionGuid = {732467C1-7437-4D7C-9AB4-72D372E91D94}
	EndGlobalSection
EndGlobal
